
Microsoft Visual Studio Solution File, Format Version 12.00
# Visual Studio Version 17
VisualStudioVersion = 17.8.34601.278
MinimumVisualStudioVersion = 10.0.40219.1
Project("{FAE04EC0-301F-11D3-BF4B-00C04F79EFBC}") = "SalesReportingApplication", "SalesReportingApplication\SalesReportingApplication.csproj", "{5341AA44-69DE-4736-AA93-072E825E59A8}"
EndProject
Global
	GlobalSection(SolutionConfigurationPlatforms) = preSolution
		Debug|Any CPU = Debug|Any CPU
		Release|Any CPU = Release|Any CPU
	EndGlobalSection
	GlobalSection(ProjectConfigurationPlatforms) = postSolution
		{5341AA44-69DE-4736-AA93-072E825E59A8}.Debug|Any CPU.ActiveCfg = Debug|Any CPU
		{5341AA44-69DE-4736-AA93-072E825E59A8}.Debug|Any CPU.Build.0 = Debug|Any CPU
		{5341AA44-69DE-4736-AA93-072E825E59A8}.Release|Any CPU.ActiveCfg = Release|Any CPU
		{5341AA44-69DE-4736-AA93-072E825E59A8}.Release|Any CPU.Build.0 = Release|Any CPU
	EndGlobalSection
	GlobalSection(SolutionProperties) = preSolution
		HideSolutionNode = FALSE
	EndGlobalSection
	GlobalSection(ExtensibilityGlobals) = postSolution
		SolutionGuid = {410B0F5B-4B03-47B0-964E-7B7F3CA573FA}
	EndGlobalSection
EndGlobal
